
Microsoft Visual Studio Solution File, Format Version 12.00
# Visual Studio Version 17
VisualStudioVersion = 17.0.31903.59
MinimumVisualStudioVersion = 10.0.40219.1
Project("{2150E333-8FDC-42A3-9474-1A3956D46DE8}") = "Solution Items", "Solution Items", "{8EC462FD-D22E-90A8-E5CE-7E832BA40C5D}"
	ProjectSection(SolutionItems) = preProject
		Directory.Packages.props = Directory.Packages.props
	EndProjectSection
EndProject
Project("{FAE04EC0-301F-11D3-BF4B-00C04F79EFBC}") = "AVAIntegrationModeler.Contracts", "src\AVAIntegrationModeler.Contracts\AVAIntegrationModeler.Contracts.csproj", "{DAA91846-A3E9-BD23-5E4B-7E3BB2DED3BC}"
EndProject
Project("{FAE04EC0-301F-11D3-BF4B-00C04F79EFBC}") = "AVAIntegrationModeler.AVAPlace", "src\AVAIntegrationModeler.AVAPlace\AVAIntegrationModeler.AVAPlace.csproj", "{555A55A9-1D32-B4DB-A676-B56587C84B4A}"
EndProject
Project("{FAE04EC0-301F-11D3-BF4B-00C04F79EFBC}") = "AVAIntegrationModeler.AVAPlaceTests", "src\AVAIntegrationModeler.AVAPlaceTests\AVAIntegrationModeler.AVAPlaceTests.csproj", "{342B5405-9652-A34C-C7D8-D21D9F200B26}"
EndProject
Project("{FAE04EC0-301F-11D3-BF4B-00C04F79EFBC}") = "AVAIntegrationModeler.Core", "src\AVAIntegrationModeler.Core\AVAIntegrationModeler.Core.csproj", "{A2866CE7-C69B-936C-BBCB-957A7E6D4E7E}"
EndProject
Project("{FAE04EC0-301F-11D3-BF4B-00C04F79EFBC}") = "AVAIntegrationModeler.UseCases", "src\AVAIntegrationModeler.UseCases\AVAIntegrationModeler.UseCases.csproj", "{385C0FE4-490E-07F8-804C-49BB1D74A796}"
EndProject
Project("{FAE04EC0-301F-11D3-BF4B-00C04F79EFBC}") = "AVAIntegrationModeler.ServiceDefaults", "src\AVAIntegrationModeler.ServiceDefaults\AVAIntegrationModeler.ServiceDefaults.csproj", "{56FED0E9-E690-FB80-639E-DEE810EC6086}"
EndProject
Project("{FAE04EC0-301F-11D3-BF4B-00C04F79EFBC}") = "AVAIntegrationModeler.API", "src\AVAIntegrationModeler.API\AVAIntegrationModeler.API.csproj", "{5DB38303-8609-7F7D-3CF5-BA615767EFDD}"
EndProject
Project("{FAE04EC0-301F-11D3-BF4B-00C04F79EFBC}") = "AVAIntegrationModeler.Infrastructure", "src\AVAIntegrationModeler.Infrastructure\AVAIntegrationModeler.Infrastructure.csproj", "{BECA715E-AC3A-0A6B-B964-8E2098EE5C22}"
EndProject
Project("{FAE04EC0-301F-11D3-BF4B-00C04F79EFBC}") = "AVAIntegrationModeler.Web", "src\AVAIntegrationModeler.Web\AVAIntegrationModeler.Web.csproj", "{6A6431C3-F014-DFD7-1D7F-C199B47440BD}"
EndProject
Global
	GlobalSection(SolutionConfigurationPlatforms) = preSolution
		Debug|Any CPU = Debug|Any CPU
		Release|Any CPU = Release|Any CPU
	EndGlobalSection
	GlobalSection(ProjectConfigurationPlatforms) = postSolution
		{DAA91846-A3E9-BD23-5E4B-7E3BB2DED3BC}.Debug|Any CPU.ActiveCfg = Debug|Any CPU
		{DAA91846-A3E9-BD23-5E4B-7E3BB2DED3BC}.Debug|Any CPU.Build.0 = Debug|Any CPU
		{DAA91846-A3E9-BD23-5E4B-7E3BB2DED3BC}.Release|Any CPU.ActiveCfg = Release|Any CPU
		{DAA91846-A3E9-BD23-5E4B-7E3BB2DED3BC}.Release|Any CPU.Build.0 = Release|Any CPU
		{555A55A9-1D32-B4DB-A676-B56587C84B4A}.Debug|Any CPU.ActiveCfg = Debug|Any CPU
		{555A55A9-1D32-B4DB-A676-B56587C84B4A}.Debug|Any CPU.Build.0 = Debug|Any CPU
		{555A55A9-1D32-B4DB-A676-B56587C84B4A}.Release|Any CPU.ActiveCfg = Release|Any CPU
		{555A55A9-1D32-B4DB-A676-B56587C84B4A}.Release|Any CPU.Build.0 = Release|Any CPU
		{342B5405-9652-A34C-C7D8-D21D9F200B26}.Debug|Any CPU.ActiveCfg = Debug|Any CPU
		{342B5405-9652-A34C-C7D8-D21D9F200B26}.Debug|Any CPU.Build.0 = Debug|Any CPU
		{342B5405-9652-A34C-C7D8-D21D9F200B26}.Release|Any CPU.ActiveCfg = Release|Any CPU
		{342B5405-9652-A34C-C7D8-D21D9F200B26}.Release|Any CPU.Build.0 = Release|Any CPU
		{A2866CE7-C69B-936C-BBCB-957A7E6D4E7E}.Debug|Any CPU.ActiveCfg = Debug|Any CPU
		{A2866CE7-C69B-936C-BBCB-957A7E6D4E7E}.Debug|Any CPU.Build.0 = Debug|Any CPU
		{A2866CE7-C69B-936C-BBCB-957A7E6D4E7E}.Release|Any CPU.ActiveCfg = Release|Any CPU
		{A2866CE7-C69B-936C-BBCB-957A7E6D4E7E}.Release|Any CPU.Build.0 = Release|Any CPU
		{385C0FE4-490E-07F8-804C-49BB1D74A796}.Debug|Any CPU.ActiveCfg = Debug|Any CPU
		{385C0FE4-490E-07F8-804C-49BB1D74A796}.Debug|Any CPU.Build.0 = Debug|Any CPU
		{385C0FE4-490E-07F8-804C-49BB1D74A796}.Release|Any CPU.ActiveCfg = Release|Any CPU
		{385C0FE4-490E-07F8-804C-49BB1D74A796}.Release|Any CPU.Build.0 = Release|Any CPU
		{56FED0E9-E690-FB80-639E-DEE810EC6086}.Debug|Any CPU.ActiveCfg = Debug|Any CPU
		{56FED0E9-E690-FB80-639E-DEE810EC6086}.Debug|Any CPU.Build.0 = Debug|Any CPU
		{56FED0E9-E690-FB80-639E-DEE810EC6086}.Release|Any CPU.ActiveCfg = Release|Any CPU
		{56FED0E9-E690-FB80-639E-DEE810EC6086}.Release|Any CPU.Build.0 = Release|Any CPU
		{5DB38303-8609-7F7D-3CF5-BA615767EFDD}.Debug|Any CPU.ActiveCfg = Debug|Any CPU
		{5DB38303-8609-7F7D-3CF5-BA615767EFDD}.Debug|Any CPU.Build.0 = Debug|Any CPU
		{5DB38303-8609-7F7D-3CF5-BA615767EFDD}.Release|Any CPU.ActiveCfg = Release|Any CPU
		{5DB38303-8609-7F7D-3CF5-BA615767EFDD}.Release|Any CPU.Build.0 = Release|Any CPU
		{BECA715E-AC3A-0A6B-B964-8E2098EE5C22}.Debug|Any CPU.ActiveCfg = Debug|Any CPU
		{BECA715E-AC3A-0A6B-B964-8E2098EE5C22}.Debug|Any CPU.Build.0 = Debug|Any CPU
		{BECA715E-AC3A-0A6B-B964-8E2098EE5C22}.Release|Any CPU.ActiveCfg = Release|Any CPU
		{BECA715E-AC3A-0A6B-B964-8E2098EE5C22}.Release|Any CPU.Build.0 = Release|Any CPU
		{6A6431C3-F014-DFD7-1D7F-C199B47440BD}.Debug|Any CPU.ActiveCfg = Debug|Any CPU
		{6A6431C3-F014-DFD7-1D7F-C199B47440BD}.Debug|Any CPU.Build.0 = Debug|Any CPU
		{6A6431C3-F014-DFD7-1D7F-C199B47440BD}.Release|Any CPU.ActiveCfg = Release|Any CPU
		{6A6431C3-F014-DFD7-1D7F-C199B47440BD}.Release|Any CPU.Build.0 = Release|Any CPU
	EndGlobalSection
	GlobalSection(SolutionProperties) = preSolution
		HideSolutionNode = FALSE
	EndGlobalSection
	GlobalSection(ExtensibilityGlobals) = postSolution
		SolutionGuid = {687D8AB9-B127-412D-8AE7-800043A32875}
	EndGlobalSection
EndGlobal
